
Microsoft Visual Studio Solution File, Format Version 12.00
# Visual Studio Version 16
VisualStudioVersion = 16.0.31613.86
MinimumVisualStudioVersion = 10.0.40219.1
Project("{FAE04EC0-301F-11D3-BF4B-00C04F79EFBC}") = "RadComboBoxTest", "RadComboBoxTest\RadComboBoxTest.csproj", "{E7729279-7998-4100-985C-990B4D46831A}"
EndProject
Project("{FAE04EC0-301F-11D3-BF4B-00C04F79EFBC}") = "RadComboBoxTest.Browser", "RadComboBoxTest.Browser\RadComboBoxTest.Browser.csproj", "{AE8BCE6E-BA69-497B-91DF-C29DF7B8AB9B}"
EndProject
Project("{FAE04EC0-301F-11D3-BF4B-00C04F79EFBC}") = "RadComboBoxTest.Simulator", "RadComboBoxTest.Simulator\RadComboBoxTest.Simulator.csproj", "{D6EEF1D8-DCFA-4342-91E6-15DD96A64A8C}"
EndProject
Global
	GlobalSection(SolutionConfigurationPlatforms) = preSolution
		Debug|Any CPU = Debug|Any CPU
		Release|Any CPU = Release|Any CPU
	EndGlobalSection
	GlobalSection(ProjectConfigurationPlatforms) = postSolution
		{E7729279-7998-4100-985C-990B4D46831A}.Debug|Any CPU.ActiveCfg = Debug|Any CPU
		{E7729279-7998-4100-985C-990B4D46831A}.Debug|Any CPU.Build.0 = Debug|Any CPU
		{E7729279-7998-4100-985C-990B4D46831A}.Release|Any CPU.ActiveCfg = Release|Any CPU
		{E7729279-7998-4100-985C-990B4D46831A}.Release|Any CPU.Build.0 = Release|Any CPU
		{AE8BCE6E-BA69-497B-91DF-C29DF7B8AB9B}.Debug|Any CPU.ActiveCfg = Debug|Any CPU
		{AE8BCE6E-BA69-497B-91DF-C29DF7B8AB9B}.Debug|Any CPU.Build.0 = Debug|Any CPU
		{AE8BCE6E-BA69-497B-91DF-C29DF7B8AB9B}.Release|Any CPU.ActiveCfg = Release|Any CPU
		{AE8BCE6E-BA69-497B-91DF-C29DF7B8AB9B}.Release|Any CPU.Build.0 = Release|Any CPU
		{D6EEF1D8-DCFA-4342-91E6-15DD96A64A8C}.Debug|Any CPU.ActiveCfg = Debug|Any CPU
		{D6EEF1D8-DCFA-4342-91E6-15DD96A64A8C}.Debug|Any CPU.Build.0 = Debug|Any CPU
		{D6EEF1D8-DCFA-4342-91E6-15DD96A64A8C}.Release|Any CPU.ActiveCfg = Release|Any CPU
		{D6EEF1D8-DCFA-4342-91E6-15DD96A64A8C}.Release|Any CPU.Build.0 = Release|Any CPU
	EndGlobalSection
	GlobalSection(SolutionProperties) = preSolution
		HideSolutionNode = FALSE
	EndGlobalSection
	GlobalSection(ExtensibilityGlobals) = postSolution
		SolutionGuid = {C3EB36E4-A097-4018-AD70-A8878CEEF86E}
	EndGlobalSection
EndGlobal
